
Microsoft Visual Studio Solution File, Format Version 12.00
# Visual Studio 15
VisualStudioVersion = 15.0.26730.8
MinimumVisualStudioVersion = 10.0.40219.1
Project("{8BC9CEB8-8B4A-11D0-8D11-00A0C91BC942}") = "NumberRecognize", "NumberRecognize\NumberRecognize.vcxproj", "{1D75E6FC-3CD1-493C-953A-0704B537AF4D}"
EndProject
Global
	GlobalSection(SolutionConfigurationPlatforms) = preSolution
		Debug|x64 = Debug|x64
		Debug|x86 = Debug|x86
		Release|x64 = Release|x64
		Release|x86 = Release|x86
	EndGlobalSection
	GlobalSection(ProjectConfigurationPlatforms) = postSolution
		{1D75E6FC-3CD1-493C-953A-0704B537AF4D}.Debug|x64.ActiveCfg = Debug|x64
		{1D75E6FC-3CD1-493C-953A-0704B537AF4D}.Debug|x64.Build.0 = Debug|x64
		{1D75E6FC-3CD1-493C-953A-0704B537AF4D}.Debug|x86.ActiveCfg = Debug|Win32
		{1D75E6FC-3CD1-493C-953A-0704B537AF4D}.Debug|x86.Build.0 = Debug|Win32
		{1D75E6FC-3CD1-493C-953A-0704B537AF4D}.Release|x64.ActiveCfg = Release|x64
		{1D75E6FC-3CD1-493C-953A-0704B537AF4D}.Release|x64.Build.0 = Release|x64
		{1D75E6FC-3CD1-493C-953A-0704B537AF4D}.Release|x86.ActiveCfg = Release|Win32
		{1D75E6FC-3CD1-493C-953A-0704B537AF4D}.Release|x86.Build.0 = Release|Win32
	EndGlobalSection
	GlobalSection(SolutionProperties) = preSolution
		HideSolutionNode = FALSE
	EndGlobalSection
	GlobalSection(ExtensibilityGlobals) = postSolution
		SolutionGuid = {5B651456-C63B-42BF-9545-5396DBF21025}
	EndGlobalSection
EndGlobal
